
Microsoft Visual Studio Solution File, Format Version 11.00
# Visual Studio 2010
Project("{FAE04EC0-301F-11D3-BF4B-00C04F79EFBC}") = "AI Madness", "Assembly-CSharp-firstpass.csproj", "{614C94DF-4E07-F431-BE4F-6654CCC37B5E}"
EndProject
Project("{FAE04EC0-301F-11D3-BF4B-00C04F79EFBC}") = "AI Madness", "Assembly-CSharp.csproj", "{907DC2B0-F536-C8D5-1778-3BD9A447E4BC}"
EndProject
Project("{FAE04EC0-301F-11D3-BF4B-00C04F79EFBC}") = "AI Madness", "Assembly-CSharp-Editor-firstpass.csproj", "{449AFCB6-8CCE-A940-1516-5A3C02EB8619}"
EndProject
Global
	GlobalSection(SolutionConfigurationPlatforms) = preSolution
		Debug|Any CPU = Debug|Any CPU
		Release|Any CPU = Release|Any CPU
	EndGlobalSection
	GlobalSection(ProjectConfigurationPlatforms) = postSolution
		{614C94DF-4E07-F431-BE4F-6654CCC37B5E}.Debug|Any CPU.ActiveCfg = Debug|Any CPU
		{614C94DF-4E07-F431-BE4F-6654CCC37B5E}.Debug|Any CPU.Build.0 = Debug|Any CPU
		{614C94DF-4E07-F431-BE4F-6654CCC37B5E}.Release|Any CPU.ActiveCfg = Release|Any CPU
		{614C94DF-4E07-F431-BE4F-6654CCC37B5E}.Release|Any CPU.Build.0 = Release|Any CPU
		{907DC2B0-F536-C8D5-1778-3BD9A447E4BC}.Debug|Any CPU.ActiveCfg = Debug|Any CPU
		{907DC2B0-F536-C8D5-1778-3BD9A447E4BC}.Debug|Any CPU.Build.0 = Debug|Any CPU
		{907DC2B0-F536-C8D5-1778-3BD9A447E4BC}.Release|Any CPU.ActiveCfg = Release|Any CPU
		{907DC2B0-F536-C8D5-1778-3BD9A447E4BC}.Release|Any CPU.Build.0 = Release|Any CPU
		{449AFCB6-8CCE-A940-1516-5A3C02EB8619}.Debug|Any CPU.ActiveCfg = Debug|Any CPU
		{449AFCB6-8CCE-A940-1516-5A3C02EB8619}.Debug|Any CPU.Build.0 = Debug|Any CPU
		{449AFCB6-8CCE-A940-1516-5A3C02EB8619}.Release|Any CPU.ActiveCfg = Release|Any CPU
		{449AFCB6-8CCE-A940-1516-5A3C02EB8619}.Release|Any CPU.Build.0 = Release|Any CPU
	EndGlobalSection
	GlobalSection(SolutionProperties) = preSolution
		HideSolutionNode = FALSE
	EndGlobalSection
	GlobalSection(MonoDevelopProperties) = preSolution
		StartupItem = Assembly-CSharp.csproj
	EndGlobalSection
EndGlobal
